
Microsoft Visual Studio Solution File, Format Version 12.00
# Visual Studio Version 17
VisualStudioVersion = 17.9.34728.123
MinimumVisualStudioVersion = 10.0.40219.1
Project("{2150E333-8FDC-42A3-9474-1A3956D46DE8}") = "Services", "Services", "{EB25B0D7-7306-4B80-86FE-1114341F2E6B}"
EndProject
Project("{2150E333-8FDC-42A3-9474-1A3956D46DE8}") = "Catalog", "Catalog", "{CF0F8E77-E78F-4F14-B1EC-543D195F4C17}"
EndProject
Project("{9A19103F-16F7-4668-BE54-9A1E7A4F7556}") = "Catalog.API", "Services\Catalog\Catalog.API\Catalog.API.csproj", "{4C67E5D9-CA8B-46CE-B158-F8EA1CE497D8}"
EndProject
Project("{2150E333-8FDC-42A3-9474-1A3956D46DE8}") = "BuildingBlocks", "BuildingBlocks", "{23CD99A0-6BB5-4059-B076-9A7E8319C363}"
EndProject
Project("{9A19103F-16F7-4668-BE54-9A1E7A4F7556}") = "BuildingBlocks", "BuildingBlocks\BuildingBlocks\BuildingBlocks.csproj", "{7E193766-9691-4392-B46A-A4ADEC7938AD}"
EndProject
Project("{E53339B2-1760-4266-BCC7-CA923CBCF16C}") = "docker-compose", "docker-compose.dcproj", "{F6A66404-2C74-4DEB-AEAB-4A77B1479861}"
EndProject
Project("{2150E333-8FDC-42A3-9474-1A3956D46DE8}") = "Basket", "Basket", "{34000B97-4577-40F0-8125-D4DE8C69B892}"
EndProject
Project("{9A19103F-16F7-4668-BE54-9A1E7A4F7556}") = "Basket.API", "Services\Basket\Basket.API\Basket.API.csproj", "{7623CDDB-10C0-4FB5-BD20-868BC3904119}"
EndProject
Project("{2150E333-8FDC-42A3-9474-1A3956D46DE8}") = "Discount", "Discount", "{0E8F3F59-5956-4E5A-9837-0E6D6DCEB7B3}"
EndProject
Project("{9A19103F-16F7-4668-BE54-9A1E7A4F7556}") = "Discount.Grpc", "Services\Discount\Discount.Grpc\Discount.Grpc.csproj", "{01DE5D19-A1F2-4014-A709-305A4F9F3966}"
EndProject
Project("{2150E333-8FDC-42A3-9474-1A3956D46DE8}") = "Ordering", "Ordering", "{2C79768A-FF7A-4265-AEC4-DE35B5DB32F3}"
EndProject
Project("{FAE04EC0-301F-11D3-BF4B-00C04F79EFBC}") = "Ordering.API", "Services\Ordering\Ordering.API\Ordering.API.csproj", "{BDA26703-5087-4BE8-A0B6-55DAE5ACEE96}"
EndProject
Project("{FAE04EC0-301F-11D3-BF4B-00C04F79EFBC}") = "Ordering.Domain", "Services\Ordering\Ordering.Domain\Ordering.Domain.csproj", "{52C057CB-6351-4B3A-980E-28C64E29124E}"
EndProject
Project("{FAE04EC0-301F-11D3-BF4B-00C04F79EFBC}") = "Ordering.Application", "Services\Ordering\Ordering.Application\Ordering.Application.csproj", "{4EA7E994-206C-48D0-A484-9FDC4B870C4D}"
EndProject
Project("{FAE04EC0-301F-11D3-BF4B-00C04F79EFBC}") = "Ordering.Infrastructure", "Services\Ordering\Ordering.Infrastructure\Ordering.Infrastructure.csproj", "{EEA79BB6-5338-453F-AE89-64DE184A283F}"
EndProject
Global
	GlobalSection(SolutionConfigurationPlatforms) = preSolution
		Debug|Any CPU = Debug|Any CPU
		Release|Any CPU = Release|Any CPU
	EndGlobalSection
	GlobalSection(ProjectConfigurationPlatforms) = postSolution
		{4C67E5D9-CA8B-46CE-B158-F8EA1CE497D8}.Debug|Any CPU.ActiveCfg = Debug|Any CPU
		{4C67E5D9-CA8B-46CE-B158-F8EA1CE497D8}.Debug|Any CPU.Build.0 = Debug|Any CPU
		{4C67E5D9-CA8B-46CE-B158-F8EA1CE497D8}.Release|Any CPU.ActiveCfg = Release|Any CPU
		{4C67E5D9-CA8B-46CE-B158-F8EA1CE497D8}.Release|Any CPU.Build.0 = Release|Any CPU
		{7E193766-9691-4392-B46A-A4ADEC7938AD}.Debug|Any CPU.ActiveCfg = Debug|Any CPU
		{7E193766-9691-4392-B46A-A4ADEC7938AD}.Debug|Any CPU.Build.0 = Debug|Any CPU
		{7E193766-9691-4392-B46A-A4ADEC7938AD}.Release|Any CPU.ActiveCfg = Release|Any CPU
		{7E193766-9691-4392-B46A-A4ADEC7938AD}.Release|Any CPU.Build.0 = Release|Any CPU
		{F6A66404-2C74-4DEB-AEAB-4A77B1479861}.Debug|Any CPU.ActiveCfg = Debug|Any CPU
		{F6A66404-2C74-4DEB-AEAB-4A77B1479861}.Debug|Any CPU.Build.0 = Debug|Any CPU
		{F6A66404-2C74-4DEB-AEAB-4A77B1479861}.Release|Any CPU.ActiveCfg = Release|Any CPU
		{F6A66404-2C74-4DEB-AEAB-4A77B1479861}.Release|Any CPU.Build.0 = Release|Any CPU
		{7623CDDB-10C0-4FB5-BD20-868BC3904119}.Debug|Any CPU.ActiveCfg = Debug|Any CPU
		{7623CDDB-10C0-4FB5-BD20-868BC3904119}.Debug|Any CPU.Build.0 = Debug|Any CPU
		{7623CDDB-10C0-4FB5-BD20-868BC3904119}.Release|Any CPU.ActiveCfg = Release|Any CPU
		{7623CDDB-10C0-4FB5-BD20-868BC3904119}.Release|Any CPU.Build.0 = Release|Any CPU
		{01DE5D19-A1F2-4014-A709-305A4F9F3966}.Debug|Any CPU.ActiveCfg = Debug|Any CPU
		{01DE5D19-A1F2-4014-A709-305A4F9F3966}.Debug|Any CPU.Build.0 = Debug|Any CPU
		{01DE5D19-A1F2-4014-A709-305A4F9F3966}.Release|Any CPU.ActiveCfg = Release|Any CPU
		{01DE5D19-A1F2-4014-A709-305A4F9F3966}.Release|Any CPU.Build.0 = Release|Any CPU
		{BDA26703-5087-4BE8-A0B6-55DAE5ACEE96}.Debug|Any CPU.ActiveCfg = Debug|Any CPU
		{BDA26703-5087-4BE8-A0B6-55DAE5ACEE96}.Debug|Any CPU.Build.0 = Debug|Any CPU
		{BDA26703-5087-4BE8-A0B6-55DAE5ACEE96}.Release|Any CPU.ActiveCfg = Release|Any CPU
		{BDA26703-5087-4BE8-A0B6-55DAE5ACEE96}.Release|Any CPU.Build.0 = Release|Any CPU
		{52C057CB-6351-4B3A-980E-28C64E29124E}.Debug|Any CPU.ActiveCfg = Debug|Any CPU
		{52C057CB-6351-4B3A-980E-28C64E29124E}.Debug|Any CPU.Build.0 = Debug|Any CPU
		{52C057CB-6351-4B3A-980E-28C64E29124E}.Release|Any CPU.ActiveCfg = Release|Any CPU
		{52C057CB-6351-4B3A-980E-28C64E29124E}.Release|Any CPU.Build.0 = Release|Any CPU
		{4EA7E994-206C-48D0-A484-9FDC4B870C4D}.Debug|Any CPU.ActiveCfg = Debug|Any CPU
		{4EA7E994-206C-48D0-A484-9FDC4B870C4D}.Debug|Any CPU.Build.0 = Debug|Any CPU
		{4EA7E994-206C-48D0-A484-9FDC4B870C4D}.Release|Any CPU.ActiveCfg = Release|Any CPU
		{4EA7E994-206C-48D0-A484-9FDC4B870C4D}.Release|Any CPU.Build.0 = Release|Any CPU
		{EEA79BB6-5338-453F-AE89-64DE184A283F}.Debug|Any CPU.ActiveCfg = Debug|Any CPU
		{EEA79BB6-5338-453F-AE89-64DE184A283F}.Debug|Any CPU.Build.0 = Debug|Any CPU
		{EEA79BB6-5338-453F-AE89-64DE184A283F}.Release|Any CPU.ActiveCfg = Release|Any CPU
		{EEA79BB6-5338-453F-AE89-64DE184A283F}.Release|Any CPU.Build.0 = Release|Any CPU
	EndGlobalSection
	GlobalSection(SolutionProperties) = preSolution
		HideSolutionNode = FALSE
	EndGlobalSection
	GlobalSection(NestedProjects) = preSolution
		{CF0F8E77-E78F-4F14-B1EC-543D195F4C17} = {EB25B0D7-7306-4B80-86FE-1114341F2E6B}
		{4C67E5D9-CA8B-46CE-B158-F8EA1CE497D8} = {CF0F8E77-E78F-4F14-B1EC-543D195F4C17}
		{7E193766-9691-4392-B46A-A4ADEC7938AD} = {23CD99A0-6BB5-4059-B076-9A7E8319C363}
		{34000B97-4577-40F0-8125-D4DE8C69B892} = {EB25B0D7-7306-4B80-86FE-1114341F2E6B}
		{7623CDDB-10C0-4FB5-BD20-868BC3904119} = {34000B97-4577-40F0-8125-D4DE8C69B892}
		{0E8F3F59-5956-4E5A-9837-0E6D6DCEB7B3} = {EB25B0D7-7306-4B80-86FE-1114341F2E6B}
		{01DE5D19-A1F2-4014-A709-305A4F9F3966} = {0E8F3F59-5956-4E5A-9837-0E6D6DCEB7B3}
		{2C79768A-FF7A-4265-AEC4-DE35B5DB32F3} = {EB25B0D7-7306-4B80-86FE-1114341F2E6B}
		{BDA26703-5087-4BE8-A0B6-55DAE5ACEE96} = {2C79768A-FF7A-4265-AEC4-DE35B5DB32F3}
		{52C057CB-6351-4B3A-980E-28C64E29124E} = {2C79768A-FF7A-4265-AEC4-DE35B5DB32F3}
		{4EA7E994-206C-48D0-A484-9FDC4B870C4D} = {2C79768A-FF7A-4265-AEC4-DE35B5DB32F3}
		{EEA79BB6-5338-453F-AE89-64DE184A283F} = {2C79768A-FF7A-4265-AEC4-DE35B5DB32F3}
	EndGlobalSection
	GlobalSection(ExtensibilityGlobals) = postSolution
		SolutionGuid = {C811C7BF-3A5F-49DE-A0A5-64244A7FCCCD}
	EndGlobalSection
EndGlobal
